// !$*UTF8*$!
{
	archiveVersion = 1;
	classes = {
	};
	objectVersion = 50;
	objects = {

/* Begin PBXBuildFile section */
		7408DBE224B549B800319858 /* AppDelegate.swift in Sources */ = {isa = PBXBuildFile; fileRef = 7408DBE124B549B800319858 /* AppDelegate.swift */; };
		7408DBE424B549B800319858 /* SceneDelegate.swift in Sources */ = {isa = PBXBuildFile; fileRef = 7408DBE324B549B800319858 /* SceneDelegate.swift */; };
		7408DBE624B549B800319858 /* ViewController.swift in Sources */ = {isa = PBXBuildFile; fileRef = 7408DBE524B549B800319858 /* ViewController.swift */; };
		7408DBE924B549B800319858 /* Main.storyboard in Resources */ = {isa = PBXBuildFile; fileRef = 7408DBE724B549B800319858 /* Main.storyboard */; };
		7408DBEB24B549BA00319858 /* Assets.xcassets in Resources */ = {isa = PBXBuildFile; fileRef = 7408DBEA24B549BA00319858 /* Assets.xcassets */; };
		7408DBEE24B549BA00319858 /* LaunchScreen.storyboard in Resources */ = {isa = PBXBuildFile; fileRef = 7408DBEC24B549BA00319858 /* LaunchScreen.storyboard */; };
		7408DBF924B549BA00319858 /* CoreML_CenterNet_Tennis_starterTests.swift in Sources */ = {isa = PBXBuildFile; fileRef = 7408DBF824B549BA00319858 /* CoreML_CenterNet_Tennis_starterTests.swift */; };
		7408DC1024B54EAD00319858 /* Math.swift in Sources */ = {isa = PBXBuildFile; fileRef = 7408DC0F24B54EAD00319858 /* Math.swift */; };
		7408DC1124B54EAD00319858 /* Math.swift in Sources */ = {isa = PBXBuildFile; fileRef = 7408DC0F24B54EAD00319858 /* Math.swift */; };
		7408DC1324B556F800319858 /* drop-shot.384.jpg in Resources */ = {isa = PBXBuildFile; fileRef = 7408DC1224B556F800319858 /* drop-shot.384.jpg */; };
		74D0953224BEBC280051B991 /* resnet_hc64.mlmodel in Sources */ = {isa = PBXBuildFile; fileRef = 74D0953124BEBC280051B991 /* resnet_hc64.mlmodel */; };
		74D0953324BEBC280051B991 /* resnet_hc64.mlmodel in Sources */ = {isa = PBXBuildFile; fileRef = 74D0953124BEBC280051B991 /* resnet_hc64.mlmodel */; };
		74D0953524C007BB0051B991 /* test_image_outputs.resnet_18_hc64.json in Resources */ = {isa = PBXBuildFile; fileRef = 74D0953424C007BA0051B991 /* test_image_outputs.resnet_18_hc64.json */; };
/* End PBXBuildFile section */

/* Begin PBXContainerItemProxy section */
		7408DBF524B549BA00319858 /* PBXContainerItemProxy */ = {
			isa = PBXContainerItemProxy;
			containerPortal = 7408DBD624B549B800319858 /* Project object */;
			proxyType = 1;
			remoteGlobalIDString = 7408DBDD24B549B800319858;
			remoteInfo = "CoreML-CenterNet-Tennis-starter";
		};
/* End PBXContainerItemProxy section */

/* Begin PBXFileReference section */
		7408DBDE24B549B800319858 /* CoreML-CenterNet-Tennis-starter.app */ = {isa = PBXFileReference; explicitFileType = wrapper.application; includeInIndex = 0; path = "CoreML-CenterNet-Tennis-starter.app"; sourceTree = BUILT_PRODUCTS_DIR; };
		7408DBE124B549B800319858 /* AppDelegate.swift */ = {isa = PBXFileReference; lastKnownFileType = sourcecode.swift; path = AppDelegate.swift; sourceTree = "<group>"; };
		7408DBE324B549B800319858 /* SceneDelegate.swift */ = {isa = PBXFileReference; lastKnownFileType = sourcecode.swift; path = SceneDelegate.swift; sourceTree = "<group>"; };
		7408DBE524B549B800319858 /* ViewController.swift */ = {isa = PBXFileReference; lastKnownFileType = sourcecode.swift; path = ViewController.swift; sourceTree = "<group>"; };
		7408DBE824B549B800319858 /* Base */ = {isa = PBXFileReference; lastKnownFileType = file.storyboard; name = Base; path = Base.lproj/Main.storyboard; sourceTree = "<group>"; };
		7408DBEA24B549BA00319858 /* Assets.xcassets */ = {isa = PBXFileReference; lastKnownFileType = folder.assetcatalog; path = Assets.xcassets; sourceTree = "<group>"; };
		7408DBED24B549BA00319858 /* Base */ = {isa = PBXFileReference; lastKnownFileType = file.storyboard; name = Base; path = Base.lproj/LaunchScreen.storyboard; sourceTree = "<group>"; };
		7408DBEF24B549BA00319858 /* Info.plist */ = {isa = PBXFileReference; lastKnownFileType = text.plist.xml; path = Info.plist; sourceTree = "<group>"; };
		7408DBF424B549BA00319858 /* CoreML-CenterNet-Tennis-starterTests.xctest */ = {isa = PBXFileReference; explicitFileType = wrapper.cfbundle; includeInIndex = 0; path = "CoreML-CenterNet-Tennis-starterTests.xctest"; sourceTree = BUILT_PRODUCTS_DIR; };
		7408DBF824B549BA00319858 /* CoreML_CenterNet_Tennis_starterTests.swift */ = {isa = PBXFileReference; lastKnownFileType = sourcecode.swift; path = CoreML_CenterNet_Tennis_starterTests.swift; sourceTree = "<group>"; };
		7408DBFA24B549BA00319858 /* Info.plist */ = {isa = PBXFileReference; lastKnownFileType = text.plist.xml; path = Info.plist; sourceTree = "<group>"; };
		7408DC0F24B54EAD00319858 /* Math.swift */ = {isa = PBXFileReference; fileEncoding = 4; lastKnownFileType = sourcecode.swift; path = Math.swift; sourceTree = "<group>"; };
		7408DC1224B556F800319858 /* drop-shot.384.jpg */ = {isa = PBXFileReference; lastKnownFileType = image.jpeg; path = "drop-shot.384.jpg"; sourceTree = "<group>"; };
		74D0953124BEBC280051B991 /* resnet_hc64.mlmodel */ = {isa = PBXFileReference; lastKnownFileType = file.mlmodel; path = resnet_hc64.mlmodel; sourceTree = "<group>"; };
		74D0953424C007BA0051B991 /* test_image_outputs.resnet_18_hc64.json */ = {isa = PBXFileReference; fileEncoding = 4; lastKnownFileType = text.json; path = test_image_outputs.resnet_18_hc64.json; sourceTree = "<group>"; };
/* End PBXFileReference section */

/* Begin PBXFrameworksBuildPhase section */
		7408DBDB24B549B800319858 /* Frameworks */ = {
			isa = PBXFrameworksBuildPhase;
			buildActionMask = 2147483647;
			files = (
			);
			runOnlyForDeploymentPostprocessing = 0;
		};
		7408DBF124B549BA00319858 /* Frameworks */ = {
			isa = PBXFrameworksBuildPhase;
			buildActionMask = 2147483647;
			files = (
			);
			runOnlyForDeploymentPostprocessing = 0;
		};
/* End PBXFrameworksBuildPhase section */

/* Begin PBXGroup section */
		7408DBD524B549B800319858 = {
			isa = PBXGroup;
			children = (
				7408DBE024B549B800319858 /* CoreML-CenterNet-Tennis-starter */,
				7408DBF724B549BA00319858 /* CoreML-CenterNet-Tennis-starterTests */,
				7408DBDF24B549B800319858 /* Products */,
			);
			sourceTree = "<group>";
		};
		7408DBDF24B549B800319858 /* Products */ = {
			isa = PBXGroup;
			children = (
				7408DBDE24B549B800319858 /* CoreML-CenterNet-Tennis-starter.app */,
				7408DBF424B549BA00319858 /* CoreML-CenterNet-Tennis-starterTests.xctest */,
			);
			name = Products;
			sourceTree = "<group>";
		};
		7408DBE024B549B800319858 /* CoreML-CenterNet-Tennis-starter */ = {
			isa = PBXGroup;
			children = (
				7408DBE124B549B800319858 /* AppDelegate.swift */,
				7408DBE324B549B800319858 /* SceneDelegate.swift */,
				7408DBE524B549B800319858 /* ViewController.swift */,
				74D0953124BEBC280051B991 /* resnet_hc64.mlmodel */,
				7408DBE724B549B800319858 /* Main.storyboard */,
				7408DBEA24B549BA00319858 /* Assets.xcassets */,
				7408DBEC24B549BA00319858 /* LaunchScreen.storyboard */,
				7408DBEF24B549BA00319858 /* Info.plist */,
				7408DC0F24B54EAD00319858 /* Math.swift */,
			);
			path = "CoreML-CenterNet-Tennis-starter";
			sourceTree = "<group>";
		};
		7408DBF724B549BA00319858 /* CoreML-CenterNet-Tennis-starterTests */ = {
			isa = PBXGroup;
			children = (
				7408DBF824B549BA00319858 /* CoreML_CenterNet_Tennis_starterTests.swift */,
				7408DC1224B556F800319858 /* drop-shot.384.jpg */,
				74D0953424C007BA0051B991 /* test_image_outputs.resnet_18_hc64.json */,
				7408DBFA24B549BA00319858 /* Info.plist */,
			);
			path = "CoreML-CenterNet-Tennis-starterTests";
			sourceTree = "<group>";
		};
/* End PBXGroup section */

/* Begin PBXNativeTarget section */
		7408DBDD24B549B800319858 /* CoreML-CenterNet-Tennis-starter */ = {
			isa = PBXNativeTarget;
			buildConfigurationList = 7408DBFD24B549BA00319858 /* Build configuration list for PBXNativeTarget "CoreML-CenterNet-Tennis-starter" */;
			buildPhases = (
				7408DBDA24B549B800319858 /* Sources */,
				7408DBDB24B549B800319858 /* Frameworks */,
				7408DBDC24B549B800319858 /* Resources */,
			);
			buildRules = (
			);
			dependencies = (
			);
			name = "CoreML-CenterNet-Tennis-starter";
			productName = "CoreML-CenterNet-Tennis-starter";
			productReference = 7408DBDE24B549B800319858 /* CoreML-CenterNet-Tennis-starter.app */;
			productType = "com.apple.product-type.application";
		};
		7408DBF324B549BA00319858 /* CoreML-CenterNet-Tennis-starterTests */ = {
			isa = PBXNativeTarget;
			buildConfigurationList = 7408DC0024B549BA00319858 /* Build configuration list for PBXNativeTarget "CoreML-CenterNet-Tennis-starterTests" */;
			buildPhases = (
				7408DBF024B549BA00319858 /* Sources */,
				7408DBF124B549BA00319858 /* Frameworks */,
				7408DBF224B549BA00319858 /* Resources */,
			);
			buildRules = (
			);
			dependencies = (
				7408DBF624B549BA00319858 /* PBXTargetDependency */,
			);
			name = "CoreML-CenterNet-Tennis-starterTests";
			productName = "CoreML-CenterNet-Tennis-starterTests";
			productReference = 7408DBF424B549BA00319858 /* CoreML-CenterNet-Tennis-starterTests.xctest */;
			productType = "com.apple.product-type.bundle.unit-test";
		};
/* End PBXNativeTarget section */

/* Begin PBXProject section */
		7408DBD624B549B800319858 /* Project object */ = {
			isa = PBXProject;
			attributes = {
				LastSwiftUpdateCheck = 1140;
				LastUpgradeCheck = 1140;
				ORGANIZATIONNAME = Gerald;
				TargetAttributes = {
					7408DBDD24B549B800319858 = {
						CreatedOnToolsVersion = 11.4.1;
					};
					7408DBF324B549BA00319858 = {
						CreatedOnToolsVersion = 11.4.1;
						TestTargetID = 7408DBDD24B549B800319858;
					};
				};
			};
			buildConfigurationList = 7408DBD924B549B800319858 /* Build configuration list for PBXProject "CoreML-CenterNet-Tennis-starter" */;
			compatibilityVersion = "Xcode 9.3";
			developmentRegion = en;
			hasScannedForEncodings = 0;
			knownRegions = (
				en,
				Base,
			);
			mainGroup = 7408DBD524B549B800319858;
			productRefGroup = 7408DBDF24B549B800319858 /* Products */;
			projectDirPath = "";
			projectRoot = "";
			targets = (
				7408DBDD24B549B800319858 /* CoreML-CenterNet-Tennis-starter */,
				7408DBF324B549BA00319858 /* CoreML-CenterNet-Tennis-starterTests */,
			);
		};
/* End PBXProject section */

/* Begin PBXResourcesBuildPhase section */
		7408DBDC24B549B800319858 /* Resources */ = {
			isa = PBXResourcesBuildPhase;
			buildActionMask = 2147483647;
			files = (
				7408DBEE24B549BA00319858 /* LaunchScreen.storyboard in Resources */,
				7408DBEB24B549BA00319858 /* Assets.xcassets in Resources */,
				7408DBE924B549B800319858 /* Main.storyboard in Resources */,
			);
			runOnlyForDeploymentPostprocessing = 0;
		};
		7408DBF224B549BA00319858 /* Resources */ = {
			isa = PBXResourcesBuildPhase;
			buildActionMask = 2147483647;
			files = (
				74D0953524C007BB0051B991 /* test_image_outputs.resnet_18_hc64.json in Resources */,
				7408DC1324B556F800319858 /* drop-shot.384.jpg in Resources */,
			);
			runOnlyForDeploymentPostprocessing = 0;
		};
/* End PBXResourcesBuildPhase section */

/* Begin PBXSourcesBuildPhase section */
		7408DBDA24B549B800319858 /* Sources */ = {
			isa = PBXSourcesBuildPhase;
			buildActionMask = 2147483647;
			files = (
				74D0953224BEBC280051B991 /* resnet_hc64.mlmodel in Sources */,
				7408DBE624B549B800319858 /* ViewController.swift in Sources */,
				7408DBE224B549B800319858 /* AppDelegate.swift in Sources */,
				7408DC1024B54EAD00319858 /* Math.swift in Sources */,
				7408DBE424B549B800319858 /* SceneDelegate.swift in Sources */,
			);
			runOnlyForDeploymentPostprocessing = 0;
		};
		7408DBF024B549BA00319858 /* Sources */ = {
			isa = PBXSourcesBuildPhase;
			buildActionMask = 2147483647;
			files = (
				74D0953324BEBC280051B991 /* resnet_hc64.mlmodel in Sources */,
				7408DBF924B549BA00319858 /* CoreML_CenterNet_Tennis_starterTests.swift in Sources */,
				7408DC1124B54EAD00319858 /* Math.swift in Sources */,
			);
			runOnlyForDeploymentPostprocessing = 0;
		};
/* End PBXSourcesBuildPhase section */

/* Begin PBXTargetDependency section */
		7408DBF624B549BA00319858 /* PBXTargetDependency */ = {
			isa = PBXTargetDependency;
			target = 7408DBDD24B549B800319858 /* CoreML-CenterNet-Tennis-starter */;
			targetProxy = 7408DBF524B549BA00319858 /* PBXContainerItemProxy */;
		};
/* End PBXTargetDependency section */

/* Begin PBXVariantGroup section */
		7408DBE724B549B800319858 /* Main.storyboard */ = {
			isa = PBXVariantGroup;
			children = (
				7408DBE824B549B800319858 /* Base */,
			);
			name = Main.storyboard;
			sourceTree = "<group>";
		};
		7408DBEC24B549BA00319858 /* LaunchScreen.storyboard */ = {
			isa = PBXVariantGroup;
			children = (
				7408DBED24B549BA00319858 /* Base */,
			);
			name = LaunchScreen.storyboard;
			sourceTree = "<group>";
		};
/* End PBXVariantGroup section */

/* Begin XCBuildConfiguration section */
		7408DBFB24B549BA00319858 /* Debug */ = {
			isa = XCBuildConfiguration;
			buildSettings = {
				ALWAYS_SEARCH_USER_PATHS = NO;
				CLANG_ANALYZER_NONNULL = YES;
				CLANG_ANALYZER_NUMBER_OBJECT_CONVERSION = YES_AGGRESSIVE;
				CLANG_CXX_LANGUAGE_STANDARD = "gnu++14";
				CLANG_CXX_LIBRARY = "libc++";
				CLANG_ENABLE_MODULES = YES;
				CLANG_ENABLE_OBJC_ARC = YES;
				CLANG_ENABLE_OBJC_WEAK = YES;
				CLANG_WARN_BLOCK_CAPTURE_AUTORELEASING = YES;
				CLANG_WARN_BOOL_CONVERSION = YES;
				CLANG_WARN_COMMA = YES;
				CLANG_WARN_CONSTANT_CONVERSION = YES;
				CLANG_WARN_DEPRECATED_OBJC_IMPLEMENTATIONS = YES;
				CLANG_WARN_DIRECT_OBJC_ISA_USAGE = YES_ERROR;
				CLANG_WARN_DOCUMENTATION_COMMENTS = YES;
				CLANG_WARN_EMPTY_BODY = YES;
				CLANG_WARN_ENUM_CONVERSION = YES;
				CLANG_WARN_INFINITE_RECURSION = YES;
				CLANG_WARN_INT_CONVERSION = YES;
				CLANG_WARN_NON_LITERAL_NULL_CONVERSION = YES;
				CLANG_WARN_OBJC_IMPLICIT_RETAIN_SELF = YES;
				CLANG_WARN_OBJC_LITERAL_CONVERSION = YES;
				CLANG_WARN_OBJC_ROOT_CLASS = YES_ERROR;
				CLANG_WARN_RANGE_LOOP_ANALYSIS = YES;
				CLANG_WARN_STRICT_PROTOTYPES = YES;
				CLANG_WARN_SUSPICIOUS_MOVE = YES;
				CLANG_WARN_UNGUARDED_AVAILABILITY = YES_AGGRESSIVE;
				CLANG_WARN_UNREACHABLE_CODE = YES;
				CLANG_WARN__DUPLICATE_METHOD_MATCH = YES;
				COPY_PHASE_STRIP = NO;
				DEBUG_INFORMATION_FORMAT = dwarf;
				ENABLE_STRICT_OBJC_MSGSEND = YES;
				ENABLE_TESTABILITY = YES;
				GCC_C_LANGUAGE_STANDARD = gnu11;
				GCC_DYNAMIC_NO_PIC = NO;
				GCC_NO_COMMON_BLOCKS = YES;
				GCC_OPTIMIZATION_LEVEL = 0;
				GCC_PREPROCESSOR_DEFINITIONS = (
					"DEBUG=1",
					"$(inherited)",
				);
				GCC_WARN_64_TO_32_BIT_CONVERSION = YES;
				GCC_WARN_ABOUT_RETURN_TYPE = YES_ERROR;
				GCC_WARN_UNDECLARED_SELECTOR = YES;
				GCC_WARN_UNINITIALIZED_AUTOS = YES_AGGRESSIVE;
				GCC_WARN_UNUSED_FUNCTION = YES;
				GCC_WARN_UNUSED_VARIABLE = YES;
				IPHONEOS_DEPLOYMENT_TARGET = 13.4;
				MTL_ENABLE_DEBUG_INFO = INCLUDE_SOURCE;
				MTL_FAST_MATH = YES;
				ONLY_ACTIVE_ARCH = YES;
				SDKROOT = iphoneos;
				SWIFT_ACTIVE_COMPILATION_CONDITIONS = DEBUG;
				SWIFT_OPTIMIZATION_LEVEL = "-Onone";
			};
			name = Debug;
		};
		7408DBFC24B549BA00319858 /* Release */ = {
			isa = XCBuildConfiguration;
			buildSettings = {
				ALWAYS_SEARCH_USER_PATHS = NO;
				CLANG_ANALYZER_NONNULL = YES;
				CLANG_ANALYZER_NUMBER_OBJECT_CONVERSION = YES_AGGRESSIVE;
				CLANG_CXX_LANGUAGE_STANDARD = "gnu++14";
				CLANG_CXX_LIBRARY = "libc++";
				CLANG_ENABLE_MODULES = YES;
				CLANG_ENABLE_OBJC_ARC = YES;
				CLANG_ENABLE_OBJC_WEAK = YES;
				CLANG_WARN_BLOCK_CAPTURE_AUTORELEASING = YES;
				CLANG_WARN_BOOL_CONVERSION = YES;
				CLANG_WARN_COMMA = YES;
				CLANG_WARN_CONSTANT_CONVERSION = YES;
				CLANG_WARN_DEPRECATED_OBJC_IMPLEMENTATIONS = YES;
				CLANG_WARN_DIRECT_OBJC_ISA_USAGE = YES_ERROR;
				CLANG_WARN_DOCUMENTATION_COMMENTS = YES;
				CLANG_WARN_EMPTY_BODY = YES;
				CLANG_WARN_ENUM_CONVERSION = YES;
				CLANG_WARN_INFINITE_RECURSION = YES;
				CLANG_WARN_INT_CONVERSION = YES;
				CLANG_WARN_NON_LITERAL_NULL_CONVERSION = YES;
				CLANG_WARN_OBJC_IMPLICIT_RETAIN_SELF = YES;
				CLANG_WARN_OBJC_LITERAL_CONVERSION = YES;
				CLANG_WARN_OBJC_ROOT_CLASS = YES_ERROR;
				CLANG_WARN_RANGE_LOOP_ANALYSIS = YES;
				CLANG_WARN_STRICT_PROTOTYPES = YES;
				CLANG_WARN_SUSPICIOUS_MOVE = YES;
				CLANG_WARN_UNGUARDED_AVAILABILITY = YES_AGGRESSIVE;
				CLANG_WARN_UNREACHABLE_CODE = YES;
				CLANG_WARN__DUPLICATE_METHOD_MATCH = YES;
				COPY_PHASE_STRIP = NO;
				DEBUG_INFORMATION_FORMAT = "dwarf-with-dsym";
				ENABLE_NS_ASSERTIONS = NO;
				ENABLE_STRICT_OBJC_MSGSEND = YES;
				GCC_C_LANGUAGE_STANDARD = gnu11;
				GCC_NO_COMMON_BLOCKS = YES;
				GCC_WARN_64_TO_32_BIT_CONVERSION = YES;
				GCC_WARN_ABOUT_RETURN_TYPE = YES_ERROR;
				GCC_WARN_UNDECLARED_SELECTOR = YES;
				GCC_WARN_UNINITIALIZED_AUTOS = YES_AGGRESSIVE;
				GCC_WARN_UNUSED_FUNCTION = YES;
				GCC_WARN_UNUSED_VARIABLE = YES;
				IPHONEOS_DEPLOYMENT_TARGET = 13.4;
				MTL_ENABLE_DEBUG_INFO = NO;
				MTL_FAST_MATH = YES;
				SDKROOT = iphoneos;
				SWIFT_COMPILATION_MODE = wholemodule;
				SWIFT_OPTIMIZATION_LEVEL = "-O";
				VALIDATE_PRODUCT = YES;
			};
			name = Release;
		};
		7408DBFE24B549BA00319858 /* Debug */ = {
			isa = XCBuildConfiguration;
			buildSettings = {
				ASSETCATALOG_COMPILER_APPICON_NAME = AppIcon;
				CODE_SIGN_STYLE = Automatic;
				DEVELOPMENT_TEAM = K6KE3UBBT4;
				INFOPLIST_FILE = "CoreML-CenterNet-Tennis-starter/Info.plist";
				LD_RUNPATH_SEARCH_PATHS = (
					"$(inherited)",
					"@executable_path/Frameworks",
				);
				PRODUCT_BUNDLE_IDENTIFIER = "my.testco.CoreML-CenterNet-Tennis-starter";
				PRODUCT_NAME = "$(TARGET_NAME)";
				SWIFT_VERSION = 5.0;
				TARGETED_DEVICE_FAMILY = "1,2";
			};
			name = Debug;
		};
		7408DBFF24B549BA00319858 /* Release */ = {
			isa = XCBuildConfiguration;
			buildSettings = {
				ASSETCATALOG_COMPILER_APPICON_NAME = AppIcon;
				CODE_SIGN_STYLE = Automatic;
				DEVELOPMENT_TEAM = K6KE3UBBT4;
				INFOPLIST_FILE = "CoreML-CenterNet-Tennis-starter/Info.plist";
				LD_RUNPATH_SEARCH_PATHS = (
					"$(inherited)",
					"@executable_path/Frameworks",
				);
				PRODUCT_BUNDLE_IDENTIFIER = "my.testco.CoreML-CenterNet-Tennis-starter";
				PRODUCT_NAME = "$(TARGET_NAME)";
				SWIFT_VERSION = 5.0;
				TARGETED_DEVICE_FAMILY = "1,2";
			};
			name = Release;
		};
		7408DC0124B549BA00319858 /* Debug */ = {
			isa = XCBuildConfiguration;
			buildSettings = {
				ALWAYS_EMBED_SWIFT_STANDARD_LIBRARIES = YES;
				BUNDLE_LOADER = "$(TEST_HOST)";
				CODE_SIGN_STYLE = Automatic;
				DEVELOPMENT_TEAM = K6KE3UBBT4;
				INFOPLIST_FILE = "CoreML-CenterNet-Tennis-starterTests/Info.plist";
				IPHONEOS_DEPLOYMENT_TARGET = 13.4;
				LD_RUNPATH_SEARCH_PATHS = (
					"$(inherited)",
					"@executable_path/Frameworks",
					"@loader_path/Frameworks",
				);
				PRODUCT_BUNDLE_IDENTIFIER = "my.testco.CoreML-CenterNet-Tennis-starterTests";
				PRODUCT_NAME = "$(TARGET_NAME)";
				SWIFT_VERSION = 5.0;
				TARGETED_DEVICE_FAMILY = "1,2";
				TEST_HOST = "$(BUILT_PRODUCTS_DIR)/CoreML-CenterNet-Tennis-starter.app/CoreML-CenterNet-Tennis-starter";
			};
			name = Debug;
		};
		7408DC0224B549BA00319858 /* Release */ = {
			isa = XCBuildConfiguration;
			buildSettings = {
				ALWAYS_EMBED_SWIFT_STANDARD_LIBRARIES = YES;
				BUNDLE_LOADER = "$(TEST_HOST)";
				CODE_SIGN_STYLE = Automatic;
				DEVELOPMENT_TEAM = K6KE3UBBT4;
				INFOPLIST_FILE = "CoreML-CenterNet-Tennis-starterTests/Info.plist";
				IPHONEOS_DEPLOYMENT_TARGET = 13.4;
				LD_RUNPATH_SEARCH_PATHS = (
					"$(inherited)",
					"@executable_path/Frameworks",
					"@loader_path/Frameworks",
				);
				PRODUCT_BUNDLE_IDENTIFIER = "my.testco.CoreML-CenterNet-Tennis-starterTests";
				PRODUCT_NAME = "$(TARGET_NAME)";
				SWIFT_VERSION = 5.0;
				TARGETED_DEVICE_FAMILY = "1,2";
				TEST_HOST = "$(BUILT_PRODUCTS_DIR)/CoreML-CenterNet-Tennis-starter.app/CoreML-CenterNet-Tennis-starter";
			};
			name = Release;
		};
/* End XCBuildConfiguration section */

/* Begin XCConfigurationList section */
		7408DBD924B549B800319858 /* Build configuration list for PBXProject "CoreML-CenterNet-Tennis-starter" */ = {
			isa = XCConfigurationList;
			buildConfigurations = (
				7408DBFB24B549BA00319858 /* Debug */,
				7408DBFC24B549BA00319858 /* Release */,
			);
			defaultConfigurationIsVisible = 0;
			defaultConfigurationName = Release;
		};
		7408DBFD24B549BA00319858 /* Build configuration list for PBXNativeTarget "CoreML-CenterNet-Tennis-starter" */ = {
			isa = XCConfigurationList;
			buildConfigurations = (
				7408DBFE24B549BA00319858 /* Debug */,
				7408DBFF24B549BA00319858 /* Release */,
			);
			defaultConfigurationIsVisible = 0;
			defaultConfigurationName = Release;
		};
		7408DC0024B549BA00319858 /* Build configuration list for PBXNativeTarget "CoreML-CenterNet-Tennis-starterTests" */ = {
			isa = XCConfigurationList;
			buildConfigurations = (
				7408DC0124B549BA00319858 /* Debug */,
				7408DC0224B549BA00319858 /* Release */,
			);
			defaultConfigurationIsVisible = 0;
			defaultConfigurationName = Release;
		};
/* End XCConfigurationList section */
	};
	rootObject = 7408DBD624B549B800319858 /* Project object */;
}
